
Microsoft Visual Studio Solution File, Format Version 12.00
# Visual Studio Version 17
VisualStudioVersion = 17.11.35208.52
MinimumVisualStudioVersion = 10.0.40219.1
Project("{9A19103F-16F7-4668-BE54-9A1E7A4F7556}") = "Library.Api", "4_Presentation\Library.Api\Library.Api.csproj", "{BF5AE448-C6B4-4633-B870-65B1A914B045}"
EndProject
Project("{9A19103F-16F7-4668-BE54-9A1E7A4F7556}") = "Library.Api.AppHost", "4_Presentation\Library.Api.AppHost\Library.Api.AppHost.csproj", "{50262EF9-1E99-431A-96E2-D77206ABBC13}"
EndProject
Project("{9A19103F-16F7-4668-BE54-9A1E7A4F7556}") = "Library.Api.ServiceDefaults", "4_Presentation\Library.Api.ServiceDefaults\Library.Api.ServiceDefaults.csproj", "{B6C32D94-7A22-4A0C-AEAA-89C27684703F}"
EndProject
Project("{9A19103F-16F7-4668-BE54-9A1E7A4F7556}") = "Library.Domain", "1_Domain\Library.Domain\Library.Domain.csproj", "{DD280538-45B3-48FB-9892-1E177C4EFA43}"
EndProject
Project("{9A19103F-16F7-4668-BE54-9A1E7A4F7556}") = "Library.Repository", "3_Adapters\Library.Repository\Library.Repository.csproj", "{BCA10201-9573-484F-85B8-F6762D8D494F}"
EndProject
Project("{2150E333-8FDC-42A3-9474-1A3956D46DE8}") = "1_Domain", "1_Domain", "{DD98134E-279C-4461-B907-D358D75D581C}"
EndProject
Project("{2150E333-8FDC-42A3-9474-1A3956D46DE8}") = "2_Application", "2_Application", "{90325D79-0F24-4C46-B1CC-CC2C5C9882F0}"
EndProject
Project("{2150E333-8FDC-42A3-9474-1A3956D46DE8}") = "3_Adapters", "3_Adapters", "{B662F7F3-2FAC-4414-AF89-9A647A21EE54}"
EndProject
Project("{2150E333-8FDC-42A3-9474-1A3956D46DE8}") = "4_Presentation", "4_Presentation", "{C113CC00-EECE-4EAB-83E7-6CFDEEAE16E5}"
EndProject
Project("{9A19103F-16F7-4668-BE54-9A1E7A4F7556}") = "Library.Commands", "2_Application\Library.Commands\Library.Commands.csproj", "{208025CF-3771-4B1D-AB5D-9E0F47337C96}"
EndProject
Project("{9A19103F-16F7-4668-BE54-9A1E7A4F7556}") = "Library.Models", "1_Domain\Library.Models\Library.Models.csproj", "{515A6BDD-8F74-4BC9-9BE4-1B87FC764F2B}"
EndProject
Project("{9A19103F-16F7-4668-BE54-9A1E7A4F7556}") = "Library.OpenLibraryApi", "3_Adapters\Library.OpenLibraryApi\Library.OpenLibraryApi.csproj", "{4D6F11D0-7939-48EC-8459-C77587DD9D00}"
EndProject
Project("{9A19103F-16F7-4668-BE54-9A1E7A4F7556}") = "Library.Elasticsearch", "3_Adapters\Library.Elasticsearch\Library.Elasticsearch.csproj", "{09BFFF3B-9642-4131-9435-A9030300A883}"
EndProject
Project("{9A19103F-16F7-4668-BE54-9A1E7A4F7556}") = "Library.Queries", "2_Application\Library.Queries\Library.Queries.csproj", "{B30185F4-4BF4-4C80-8449-F465CE192835}"
EndProject
Project("{9A19103F-16F7-4668-BE54-9A1E7A4F7556}") = "Library.OpenLibraryApi.Models", "1_Domain\Library.OpenLibraryApi.Models\Library.OpenLibraryApi.Models.csproj", "{F9D85886-8922-4A28-934E-DE6FBDBFA03D}"
EndProject
Project("{9A19103F-16F7-4668-BE54-9A1E7A4F7556}") = "Library.DomainEvents", "2_Application\Library.DomainEvents\Library.DomainEvents.csproj", "{63631F1B-8CE4-4973-BEC9-270A052F1A3C}"
EndProject
Project("{9A19103F-16F7-4668-BE54-9A1E7A4F7556}") = "Library.MessageProcessor", "4_Presentation\Library.MessageProcessor\Library.MessageProcessor.csproj", "{5DB8DD92-3834-4CF4-A725-EBD1E995F6FD}"
EndProject
Project("{2150E333-8FDC-42A3-9474-1A3956D46DE8}") = "Tests", "Tests", "{2B55251B-674A-49E0-9CEB-CC91A4C878B6}"
EndProject
Project("{2150E333-8FDC-42A3-9474-1A3956D46DE8}") = "Unit", "Unit", "{CE86BEB0-4119-43BE-9246-1F42F63F45C3}"
EndProject
Project("{9A19103F-16F7-4668-BE54-9A1E7A4F7556}") = "Library.Commands.Tests", "..\..\tests\Library.Commands.Tests\Library.Commands.Tests.csproj", "{1EFA523D-9445-43A6-8B1D-6FD51FA42A25}"
EndProject
Project("{9A19103F-16F7-4668-BE54-9A1E7A4F7556}") = "Library.Domain.Tests", "..\..\tests\Library.Domain.Tests\Library.Domain.Tests.csproj", "{FF04ED26-1743-4E2E-AC12-9B42C23C7426}"
EndProject
Project("{2150E333-8FDC-42A3-9474-1A3956D46DE8}") = "Integration", "Integration", "{CAC526A8-CD87-4B70-AE61-9EEE1E01EF96}"
EndProject
Project("{9A19103F-16F7-4668-BE54-9A1E7A4F7556}") = "Library.IntegrationTests", "..\..\tests\Library.IntegrationTests\Library.IntegrationTests.csproj", "{8E2AB88C-2131-4CA6-81C7-E61496A72EB5}"
EndProject
Project("{2150E333-8FDC-42A3-9474-1A3956D46DE8}") = "Architecture", "Architecture", "{0546E0CE-DAFD-45DC-9A76-68CE830F1306}"
EndProject
Project("{9A19103F-16F7-4668-BE54-9A1E7A4F7556}") = "Library.ArchitectureTests", "..\..\tests\Library.ArchitectureTests\Library.ArchitectureTests.csproj", "{6CA98A31-FA9E-401D-A5E8-218C9E3687A8}"
EndProject
Project("{2150E333-8FDC-42A3-9474-1A3956D46DE8}") = "EndToEnd", "EndToEnd", "{18F01F33-7BB6-4443-893E-5626FC500983}"
EndProject
Project("{9A19103F-16F7-4668-BE54-9A1E7A4F7556}") = "Library.EndToEnd", "..\..\tests\Library.EndToEnd\Library.EndToEnd.csproj", "{78A8AA1E-FAAC-44B3-98E2-0737F5CF0084}"
EndProject
Project("{2150E333-8FDC-42A3-9474-1A3956D46DE8}") = "Performance", "Performance", "{2A54AFB6-4181-43DE-83BD-DA191FE9CD21}"
EndProject
Project("{9A19103F-16F7-4668-BE54-9A1E7A4F7556}") = "Library.Performance", "..\..\tests\Library.Performance\Library.Performance.csproj", "{21EC8129-7679-4C27-B950-0E3FD0214226}"
EndProject
Project("{2150E333-8FDC-42A3-9474-1A3956D46DE8}") = "Load", "Load", "{7BBBDD60-C24B-482B-A42C-A0E678E61E36}"
EndProject
Project("{FAE04EC0-301F-11D3-BF4B-00C04F79EFBC}") = "Library.Load", "..\..\tests\Library.Load\Library.Load.csproj", "{1ABFB7C4-1FBC-4D03-966F-8684C94E4A86}"
EndProject
Project("{2150E333-8FDC-42A3-9474-1A3956D46DE8}") = "Contract", "Contract", "{F6C52181-6749-472D-93C7-220154FEC3C4}"
EndProject
Project("{FAE04EC0-301F-11D3-BF4B-00C04F79EFBC}") = "Library.GoogleBooks", "3_Adapters\Library.GoogleBooks\Library.GoogleBooks.csproj", "{CD328D33-9971-42B3-A388-89AB68AC9AAC}"
EndProject
Project("{FAE04EC0-301F-11D3-BF4B-00C04F79EFBC}") = "Library.GoogleBooks.Models", "1_Domain\Library.GoogleBooks.Models\Library.GoogleBooks.Models.csproj", "{7B44B01B-47B2-48A1-8D01-273C6F47F6C1}"
EndProject
Project("{2150E333-8FDC-42A3-9474-1A3956D46DE8}") = "TUnit", "TUnit", "{DFABBB36-527E-4AB8-948F-7E55CBA264BA}"
EndProject
Project("{FAE04EC0-301F-11D3-BF4B-00C04F79EFBC}") = "Library.Commands.Tests.TUnit", "..\..\tests\TUnit\Library.Commands.Tests.TUnit\Library.Commands.Tests.TUnit.csproj", "{EE9E769C-A353-497D-8762-975DAF3882CF}"
EndProject
Project("{FAE04EC0-301F-11D3-BF4B-00C04F79EFBC}") = "Library.Contract.ConsumerTests", "..\..\tests\Library.Contract.ConsumerTests\Library.Contract.ConsumerTests.csproj", "{43FD1B42-FD39-4DB2-A84F-F8CD3DB7CEC9}"
EndProject
Project("{FAE04EC0-301F-11D3-BF4B-00C04F79EFBC}") = "Library.Contract.ProducerTests", "..\..\tests\Library.Contract.ProducerTests\Library.Contract.ProducerTests.csproj", "{94E798A1-0B5C-47D6-A9E1-EB45FE77128B}"
EndProject
Project("{FAE04EC0-301F-11D3-BF4B-00C04F79EFBC}") = "Library.Notifications", "3_Adapters\Library.Notifications\Library.Notifications.csproj", "{D3BAF34F-387A-43BF-AAEF-D0BAD22A9996}"
EndProject
Project("{FAE04EC0-301F-11D3-BF4B-00C04F79EFBC}") = "Library.Notifications.Models", "1_Domain\Library.Notifications.Models\Library.Notifications.Models.csproj", "{4D63EB85-ADCE-41B3-8084-E572D9840ED6}"
EndProject
Global
	GlobalSection(SolutionConfigurationPlatforms) = preSolution
		Debug|Any CPU = Debug|Any CPU
		Release|Any CPU = Release|Any CPU
	EndGlobalSection
	GlobalSection(ProjectConfigurationPlatforms) = postSolution
		{BF5AE448-C6B4-4633-B870-65B1A914B045}.Debug|Any CPU.ActiveCfg = Debug|Any CPU
		{BF5AE448-C6B4-4633-B870-65B1A914B045}.Debug|Any CPU.Build.0 = Debug|Any CPU
		{BF5AE448-C6B4-4633-B870-65B1A914B045}.Release|Any CPU.ActiveCfg = Release|Any CPU
		{BF5AE448-C6B4-4633-B870-65B1A914B045}.Release|Any CPU.Build.0 = Release|Any CPU
		{50262EF9-1E99-431A-96E2-D77206ABBC13}.Debug|Any CPU.ActiveCfg = Debug|Any CPU
		{50262EF9-1E99-431A-96E2-D77206ABBC13}.Debug|Any CPU.Build.0 = Debug|Any CPU
		{50262EF9-1E99-431A-96E2-D77206ABBC13}.Release|Any CPU.ActiveCfg = Release|Any CPU
		{50262EF9-1E99-431A-96E2-D77206ABBC13}.Release|Any CPU.Build.0 = Release|Any CPU
		{B6C32D94-7A22-4A0C-AEAA-89C27684703F}.Debug|Any CPU.ActiveCfg = Debug|Any CPU
		{B6C32D94-7A22-4A0C-AEAA-89C27684703F}.Debug|Any CPU.Build.0 = Debug|Any CPU
		{B6C32D94-7A22-4A0C-AEAA-89C27684703F}.Release|Any CPU.ActiveCfg = Release|Any CPU
		{B6C32D94-7A22-4A0C-AEAA-89C27684703F}.Release|Any CPU.Build.0 = Release|Any CPU
		{DD280538-45B3-48FB-9892-1E177C4EFA43}.Debug|Any CPU.ActiveCfg = Debug|Any CPU
		{DD280538-45B3-48FB-9892-1E177C4EFA43}.Debug|Any CPU.Build.0 = Debug|Any CPU
		{DD280538-45B3-48FB-9892-1E177C4EFA43}.Release|Any CPU.ActiveCfg = Release|Any CPU
		{DD280538-45B3-48FB-9892-1E177C4EFA43}.Release|Any CPU.Build.0 = Release|Any CPU
		{BCA10201-9573-484F-85B8-F6762D8D494F}.Debug|Any CPU.ActiveCfg = Debug|Any CPU
		{BCA10201-9573-484F-85B8-F6762D8D494F}.Debug|Any CPU.Build.0 = Debug|Any CPU
		{BCA10201-9573-484F-85B8-F6762D8D494F}.Release|Any CPU.ActiveCfg = Release|Any CPU
		{BCA10201-9573-484F-85B8-F6762D8D494F}.Release|Any CPU.Build.0 = Release|Any CPU
		{208025CF-3771-4B1D-AB5D-9E0F47337C96}.Debug|Any CPU.ActiveCfg = Debug|Any CPU
		{208025CF-3771-4B1D-AB5D-9E0F47337C96}.Debug|Any CPU.Build.0 = Debug|Any CPU
		{208025CF-3771-4B1D-AB5D-9E0F47337C96}.Release|Any CPU.ActiveCfg = Release|Any CPU
		{208025CF-3771-4B1D-AB5D-9E0F47337C96}.Release|Any CPU.Build.0 = Release|Any CPU
		{515A6BDD-8F74-4BC9-9BE4-1B87FC764F2B}.Debug|Any CPU.ActiveCfg = Debug|Any CPU
		{515A6BDD-8F74-4BC9-9BE4-1B87FC764F2B}.Debug|Any CPU.Build.0 = Debug|Any CPU
		{515A6BDD-8F74-4BC9-9BE4-1B87FC764F2B}.Release|Any CPU.ActiveCfg = Release|Any CPU
		{515A6BDD-8F74-4BC9-9BE4-1B87FC764F2B}.Release|Any CPU.Build.0 = Release|Any CPU
		{4D6F11D0-7939-48EC-8459-C77587DD9D00}.Debug|Any CPU.ActiveCfg = Debug|Any CPU
		{4D6F11D0-7939-48EC-8459-C77587DD9D00}.Debug|Any CPU.Build.0 = Debug|Any CPU
		{4D6F11D0-7939-48EC-8459-C77587DD9D00}.Release|Any CPU.ActiveCfg = Release|Any CPU
		{4D6F11D0-7939-48EC-8459-C77587DD9D00}.Release|Any CPU.Build.0 = Release|Any CPU
		{09BFFF3B-9642-4131-9435-A9030300A883}.Debug|Any CPU.ActiveCfg = Debug|Any CPU
		{09BFFF3B-9642-4131-9435-A9030300A883}.Debug|Any CPU.Build.0 = Debug|Any CPU
		{09BFFF3B-9642-4131-9435-A9030300A883}.Release|Any CPU.ActiveCfg = Release|Any CPU
		{09BFFF3B-9642-4131-9435-A9030300A883}.Release|Any CPU.Build.0 = Release|Any CPU
		{B30185F4-4BF4-4C80-8449-F465CE192835}.Debug|Any CPU.ActiveCfg = Debug|Any CPU
		{B30185F4-4BF4-4C80-8449-F465CE192835}.Debug|Any CPU.Build.0 = Debug|Any CPU
		{B30185F4-4BF4-4C80-8449-F465CE192835}.Release|Any CPU.ActiveCfg = Release|Any CPU
		{B30185F4-4BF4-4C80-8449-F465CE192835}.Release|Any CPU.Build.0 = Release|Any CPU
		{F9D85886-8922-4A28-934E-DE6FBDBFA03D}.Debug|Any CPU.ActiveCfg = Debug|Any CPU
		{F9D85886-8922-4A28-934E-DE6FBDBFA03D}.Debug|Any CPU.Build.0 = Debug|Any CPU
		{F9D85886-8922-4A28-934E-DE6FBDBFA03D}.Release|Any CPU.ActiveCfg = Release|Any CPU
		{F9D85886-8922-4A28-934E-DE6FBDBFA03D}.Release|Any CPU.Build.0 = Release|Any CPU
		{63631F1B-8CE4-4973-BEC9-270A052F1A3C}.Debug|Any CPU.ActiveCfg = Debug|Any CPU
		{63631F1B-8CE4-4973-BEC9-270A052F1A3C}.Debug|Any CPU.Build.0 = Debug|Any CPU
		{63631F1B-8CE4-4973-BEC9-270A052F1A3C}.Release|Any CPU.ActiveCfg = Release|Any CPU
		{63631F1B-8CE4-4973-BEC9-270A052F1A3C}.Release|Any CPU.Build.0 = Release|Any CPU
		{5DB8DD92-3834-4CF4-A725-EBD1E995F6FD}.Debug|Any CPU.ActiveCfg = Debug|Any CPU
		{5DB8DD92-3834-4CF4-A725-EBD1E995F6FD}.Debug|Any CPU.Build.0 = Debug|Any CPU
		{5DB8DD92-3834-4CF4-A725-EBD1E995F6FD}.Release|Any CPU.ActiveCfg = Release|Any CPU
		{5DB8DD92-3834-4CF4-A725-EBD1E995F6FD}.Release|Any CPU.Build.0 = Release|Any CPU
		{1EFA523D-9445-43A6-8B1D-6FD51FA42A25}.Debug|Any CPU.ActiveCfg = Debug|Any CPU
		{1EFA523D-9445-43A6-8B1D-6FD51FA42A25}.Debug|Any CPU.Build.0 = Debug|Any CPU
		{1EFA523D-9445-43A6-8B1D-6FD51FA42A25}.Release|Any CPU.ActiveCfg = Release|Any CPU
		{1EFA523D-9445-43A6-8B1D-6FD51FA42A25}.Release|Any CPU.Build.0 = Release|Any CPU
		{FF04ED26-1743-4E2E-AC12-9B42C23C7426}.Debug|Any CPU.ActiveCfg = Debug|Any CPU
		{FF04ED26-1743-4E2E-AC12-9B42C23C7426}.Debug|Any CPU.Build.0 = Debug|Any CPU
		{FF04ED26-1743-4E2E-AC12-9B42C23C7426}.Release|Any CPU.ActiveCfg = Release|Any CPU
		{FF04ED26-1743-4E2E-AC12-9B42C23C7426}.Release|Any CPU.Build.0 = Release|Any CPU
		{8E2AB88C-2131-4CA6-81C7-E61496A72EB5}.Debug|Any CPU.ActiveCfg = Debug|Any CPU
		{8E2AB88C-2131-4CA6-81C7-E61496A72EB5}.Debug|Any CPU.Build.0 = Debug|Any CPU
		{8E2AB88C-2131-4CA6-81C7-E61496A72EB5}.Release|Any CPU.ActiveCfg = Release|Any CPU
		{8E2AB88C-2131-4CA6-81C7-E61496A72EB5}.Release|Any CPU.Build.0 = Release|Any CPU
		{6CA98A31-FA9E-401D-A5E8-218C9E3687A8}.Debug|Any CPU.ActiveCfg = Debug|Any CPU
		{6CA98A31-FA9E-401D-A5E8-218C9E3687A8}.Debug|Any CPU.Build.0 = Debug|Any CPU
		{6CA98A31-FA9E-401D-A5E8-218C9E3687A8}.Release|Any CPU.ActiveCfg = Release|Any CPU
		{6CA98A31-FA9E-401D-A5E8-218C9E3687A8}.Release|Any CPU.Build.0 = Release|Any CPU
		{78A8AA1E-FAAC-44B3-98E2-0737F5CF0084}.Debug|Any CPU.ActiveCfg = Debug|Any CPU
		{78A8AA1E-FAAC-44B3-98E2-0737F5CF0084}.Debug|Any CPU.Build.0 = Debug|Any CPU
		{78A8AA1E-FAAC-44B3-98E2-0737F5CF0084}.Release|Any CPU.ActiveCfg = Release|Any CPU
		{78A8AA1E-FAAC-44B3-98E2-0737F5CF0084}.Release|Any CPU.Build.0 = Release|Any CPU
		{21EC8129-7679-4C27-B950-0E3FD0214226}.Debug|Any CPU.ActiveCfg = Debug|Any CPU
		{21EC8129-7679-4C27-B950-0E3FD0214226}.Debug|Any CPU.Build.0 = Debug|Any CPU
		{21EC8129-7679-4C27-B950-0E3FD0214226}.Release|Any CPU.ActiveCfg = Release|Any CPU
		{21EC8129-7679-4C27-B950-0E3FD0214226}.Release|Any CPU.Build.0 = Release|Any CPU
		{1ABFB7C4-1FBC-4D03-966F-8684C94E4A86}.Debug|Any CPU.ActiveCfg = Debug|Any CPU
		{1ABFB7C4-1FBC-4D03-966F-8684C94E4A86}.Debug|Any CPU.Build.0 = Debug|Any CPU
		{1ABFB7C4-1FBC-4D03-966F-8684C94E4A86}.Release|Any CPU.ActiveCfg = Release|Any CPU
		{1ABFB7C4-1FBC-4D03-966F-8684C94E4A86}.Release|Any CPU.Build.0 = Release|Any CPU
		{CD328D33-9971-42B3-A388-89AB68AC9AAC}.Debug|Any CPU.ActiveCfg = Debug|Any CPU
		{CD328D33-9971-42B3-A388-89AB68AC9AAC}.Debug|Any CPU.Build.0 = Debug|Any CPU
		{CD328D33-9971-42B3-A388-89AB68AC9AAC}.Release|Any CPU.ActiveCfg = Release|Any CPU
		{CD328D33-9971-42B3-A388-89AB68AC9AAC}.Release|Any CPU.Build.0 = Release|Any CPU
		{7B44B01B-47B2-48A1-8D01-273C6F47F6C1}.Debug|Any CPU.ActiveCfg = Debug|Any CPU
		{7B44B01B-47B2-48A1-8D01-273C6F47F6C1}.Debug|Any CPU.Build.0 = Debug|Any CPU
		{7B44B01B-47B2-48A1-8D01-273C6F47F6C1}.Release|Any CPU.ActiveCfg = Release|Any CPU
		{7B44B01B-47B2-48A1-8D01-273C6F47F6C1}.Release|Any CPU.Build.0 = Release|Any CPU
		{EE9E769C-A353-497D-8762-975DAF3882CF}.Debug|Any CPU.ActiveCfg = Debug|Any CPU
		{EE9E769C-A353-497D-8762-975DAF3882CF}.Debug|Any CPU.Build.0 = Debug|Any CPU
		{EE9E769C-A353-497D-8762-975DAF3882CF}.Release|Any CPU.ActiveCfg = Release|Any CPU
		{EE9E769C-A353-497D-8762-975DAF3882CF}.Release|Any CPU.Build.0 = Release|Any CPU
		{43FD1B42-FD39-4DB2-A84F-F8CD3DB7CEC9}.Debug|Any CPU.ActiveCfg = Debug|Any CPU
		{43FD1B42-FD39-4DB2-A84F-F8CD3DB7CEC9}.Debug|Any CPU.Build.0 = Debug|Any CPU
		{43FD1B42-FD39-4DB2-A84F-F8CD3DB7CEC9}.Release|Any CPU.ActiveCfg = Release|Any CPU
		{43FD1B42-FD39-4DB2-A84F-F8CD3DB7CEC9}.Release|Any CPU.Build.0 = Release|Any CPU
		{94E798A1-0B5C-47D6-A9E1-EB45FE77128B}.Debug|Any CPU.ActiveCfg = Debug|Any CPU
		{94E798A1-0B5C-47D6-A9E1-EB45FE77128B}.Debug|Any CPU.Build.0 = Debug|Any CPU
		{94E798A1-0B5C-47D6-A9E1-EB45FE77128B}.Release|Any CPU.ActiveCfg = Release|Any CPU
		{94E798A1-0B5C-47D6-A9E1-EB45FE77128B}.Release|Any CPU.Build.0 = Release|Any CPU
		{D3BAF34F-387A-43BF-AAEF-D0BAD22A9996}.Debug|Any CPU.ActiveCfg = Debug|Any CPU
		{D3BAF34F-387A-43BF-AAEF-D0BAD22A9996}.Debug|Any CPU.Build.0 = Debug|Any CPU
		{D3BAF34F-387A-43BF-AAEF-D0BAD22A9996}.Release|Any CPU.ActiveCfg = Release|Any CPU
		{D3BAF34F-387A-43BF-AAEF-D0BAD22A9996}.Release|Any CPU.Build.0 = Release|Any CPU
		{4D63EB85-ADCE-41B3-8084-E572D9840ED6}.Debug|Any CPU.ActiveCfg = Debug|Any CPU
		{4D63EB85-ADCE-41B3-8084-E572D9840ED6}.Debug|Any CPU.Build.0 = Debug|Any CPU
		{4D63EB85-ADCE-41B3-8084-E572D9840ED6}.Release|Any CPU.ActiveCfg = Release|Any CPU
		{4D63EB85-ADCE-41B3-8084-E572D9840ED6}.Release|Any CPU.Build.0 = Release|Any CPU
	EndGlobalSection
	GlobalSection(SolutionProperties) = preSolution
		HideSolutionNode = FALSE
	EndGlobalSection
	GlobalSection(NestedProjects) = preSolution
		{BF5AE448-C6B4-4633-B870-65B1A914B045} = {C113CC00-EECE-4EAB-83E7-6CFDEEAE16E5}
		{50262EF9-1E99-431A-96E2-D77206ABBC13} = {C113CC00-EECE-4EAB-83E7-6CFDEEAE16E5}
		{B6C32D94-7A22-4A0C-AEAA-89C27684703F} = {C113CC00-EECE-4EAB-83E7-6CFDEEAE16E5}
		{DD280538-45B3-48FB-9892-1E177C4EFA43} = {DD98134E-279C-4461-B907-D358D75D581C}
		{BCA10201-9573-484F-85B8-F6762D8D494F} = {B662F7F3-2FAC-4414-AF89-9A647A21EE54}
		{208025CF-3771-4B1D-AB5D-9E0F47337C96} = {90325D79-0F24-4C46-B1CC-CC2C5C9882F0}
		{515A6BDD-8F74-4BC9-9BE4-1B87FC764F2B} = {DD98134E-279C-4461-B907-D358D75D581C}
		{4D6F11D0-7939-48EC-8459-C77587DD9D00} = {B662F7F3-2FAC-4414-AF89-9A647A21EE54}
		{09BFFF3B-9642-4131-9435-A9030300A883} = {B662F7F3-2FAC-4414-AF89-9A647A21EE54}
		{B30185F4-4BF4-4C80-8449-F465CE192835} = {90325D79-0F24-4C46-B1CC-CC2C5C9882F0}
		{F9D85886-8922-4A28-934E-DE6FBDBFA03D} = {DD98134E-279C-4461-B907-D358D75D581C}
		{63631F1B-8CE4-4973-BEC9-270A052F1A3C} = {90325D79-0F24-4C46-B1CC-CC2C5C9882F0}
		{5DB8DD92-3834-4CF4-A725-EBD1E995F6FD} = {C113CC00-EECE-4EAB-83E7-6CFDEEAE16E5}
		{CE86BEB0-4119-43BE-9246-1F42F63F45C3} = {2B55251B-674A-49E0-9CEB-CC91A4C878B6}
		{1EFA523D-9445-43A6-8B1D-6FD51FA42A25} = {CE86BEB0-4119-43BE-9246-1F42F63F45C3}
		{FF04ED26-1743-4E2E-AC12-9B42C23C7426} = {CE86BEB0-4119-43BE-9246-1F42F63F45C3}
		{CAC526A8-CD87-4B70-AE61-9EEE1E01EF96} = {2B55251B-674A-49E0-9CEB-CC91A4C878B6}
		{8E2AB88C-2131-4CA6-81C7-E61496A72EB5} = {CAC526A8-CD87-4B70-AE61-9EEE1E01EF96}
		{0546E0CE-DAFD-45DC-9A76-68CE830F1306} = {2B55251B-674A-49E0-9CEB-CC91A4C878B6}
		{6CA98A31-FA9E-401D-A5E8-218C9E3687A8} = {0546E0CE-DAFD-45DC-9A76-68CE830F1306}
		{18F01F33-7BB6-4443-893E-5626FC500983} = {2B55251B-674A-49E0-9CEB-CC91A4C878B6}
		{78A8AA1E-FAAC-44B3-98E2-0737F5CF0084} = {18F01F33-7BB6-4443-893E-5626FC500983}
		{2A54AFB6-4181-43DE-83BD-DA191FE9CD21} = {2B55251B-674A-49E0-9CEB-CC91A4C878B6}
		{21EC8129-7679-4C27-B950-0E3FD0214226} = {2A54AFB6-4181-43DE-83BD-DA191FE9CD21}
		{7BBBDD60-C24B-482B-A42C-A0E678E61E36} = {2B55251B-674A-49E0-9CEB-CC91A4C878B6}
		{1ABFB7C4-1FBC-4D03-966F-8684C94E4A86} = {7BBBDD60-C24B-482B-A42C-A0E678E61E36}
		{F6C52181-6749-472D-93C7-220154FEC3C4} = {2B55251B-674A-49E0-9CEB-CC91A4C878B6}
		{CD328D33-9971-42B3-A388-89AB68AC9AAC} = {B662F7F3-2FAC-4414-AF89-9A647A21EE54}
		{7B44B01B-47B2-48A1-8D01-273C6F47F6C1} = {DD98134E-279C-4461-B907-D358D75D581C}
		{DFABBB36-527E-4AB8-948F-7E55CBA264BA} = {CE86BEB0-4119-43BE-9246-1F42F63F45C3}
		{EE9E769C-A353-497D-8762-975DAF3882CF} = {DFABBB36-527E-4AB8-948F-7E55CBA264BA}
		{43FD1B42-FD39-4DB2-A84F-F8CD3DB7CEC9} = {F6C52181-6749-472D-93C7-220154FEC3C4}
		{94E798A1-0B5C-47D6-A9E1-EB45FE77128B} = {F6C52181-6749-472D-93C7-220154FEC3C4}
		{D3BAF34F-387A-43BF-AAEF-D0BAD22A9996} = {B662F7F3-2FAC-4414-AF89-9A647A21EE54}
		{4D63EB85-ADCE-41B3-8084-E572D9840ED6} = {DD98134E-279C-4461-B907-D358D75D581C}
	EndGlobalSection
	GlobalSection(ExtensibilityGlobals) = postSolution
		SolutionGuid = {24D3BBEA-845D-4BDA-8739-E46F4CE7D52D}
	EndGlobalSection
EndGlobal
